<?xml version="1.0" encoding="utf-8"?>
<Project ToolsVersion="4.0" xmlns="http://schemas.microsoft.com/developer/msbuild/2003">
  <ItemGroup>
    <Filter Include="Source Files">
      <UniqueIdentifier>{4FC737F1-C7A5-4376-A066-2A32D752A2FF}</UniqueIdentifier>
      <Extensions>cpp;c;cc;cxx;def;odl;idl;hpj;bat;asm;asmx</Extensions>
    </Filter>
    <Filter Include="Header Files">
      <UniqueIdentifier>{93995380-89BD-4b04-88EB-625FBE52EBFB}</UniqueIdentifier>
      <Extensions>h;hh;hpp;hxx;hm;inl;inc;xsd</Extensions>
    </Filter>
    <Filter Include="Resource Files">
      <UniqueIdentifier>{67DA6AB6-F800-4c08-8B7A-83BB121AAD01}</UniqueIdentifier>
      <Extensions>rc;ico;cur;bmp;dlg;rc2;rct;bin;rgs;gif;jpg;jpeg;jpe;resx;tiff;tif;png;wav;mfcribbon-ms</Extensions>
    </Filter>
    <Filter Include="Schemas">
      <UniqueIdentifier>{482ad1da-8e61-45e6-b10f-8cbc0ee5dca2}</UniqueIdentifier>
    </Filter>
  </ItemGroup>
  <ItemGroup>
    <ClInclude Include="scriptEngine.h">
      <Filter>Header Files</Filter>
    </ClInclude>
    <ClInclude Include="numericHandler.h">
      <Filter>Header Files</Filter>
    </ClInclude>
    <ClInclude Include="literalHandler.h">
      <Filter>Header Files</Filter>
    </ClInclude>
    <ClInclude Include="logicalHandler.h">
      <Filter>Header Files</Filter>
    </ClInclude>
    <ClInclude Include="scriptEngineResult.h">
      <Filter>Header Files</Filter>
    </ClInclude>
    <ClInclude Include="branchHandler.h">
      <Filter>Header Files</Filter>
    </ClInclude>
    <ClInclude Include="announceHandler.h">
      <Filter>Header Files</Filter>
    </ClInclude>
    <ClInclude Include="gameObjectHandler.h">
      <Filter>Header Files</Filter>
    </ClInclude>
    <ClInclude Include="gameInformationProvider.h">
      <Filter>Header Files</Filter>
    </ClInclude>
  </ItemGroup>
  <ItemGroup>
    <ClCompile Include="numericHandler.cpp">
      <Filter>Source Files</Filter>
    </ClCompile>
    <ClCompile Include="literalHandler.cpp">
      <Filter>Source Files</Filter>
    </ClCompile>
    <ClCompile Include="logicalHandler.cpp">
      <Filter>Source Files</Filter>
    </ClCompile>
    <ClCompile Include="scriptEngine.cpp" />
    <ClCompile Include="branchHandler.cpp">
      <Filter>Source Files</Filter>
    </ClCompile>
    <ClCompile Include="announceHandler.cpp">
      <Filter>Source Files</Filter>
    </ClCompile>
    <ClCompile Include="gameObjectHandler.cpp">
      <Filter>Source Files</Filter>
    </ClCompile>
    <ClCompile Include="gameInformationProvider.cpp">
      <Filter>Source Files</Filter>
    </ClCompile>
  </ItemGroup>
  <ItemGroup>
    <None Include="packages.config" />
    <None Include="..\Schemas\card.json">
      <Filter>Schemas</Filter>
    </None>
    <None Include="..\Schemas\expressions.json">
      <Filter>Schemas</Filter>
    </None>
    <None Include="..\Schemas\literalExpression.json">
      <Filter>Schemas</Filter>
    </None>
    <None Include="..\Schemas\logicalExpression.json">
      <Filter>Schemas</Filter>
    </None>
    <None Include="..\Schemas\numericExpression.json">
      <Filter>Schemas</Filter>
    </None>
    <None Include="..\Schemas\branchExpression.json">
      <Filter>Schemas</Filter>
    </None>
    <None Include="..\Schemas\announceExpression.json">
      <Filter>Schemas</Filter>
    </None>
    <None Include="..\Schemas\gameObjectExpression.json">
      <Filter>Schemas</Filter>
    </None>
  </ItemGroup>
</Project>